// !$*UTF8*$!
{
	archiveVersion = 1;
	classes = {
	};
	objectVersion = 56;
	objects = {

/* Begin PBXBuildFile section */
		934FE1DC2B396496001C23F0 /* DrinkDetailViewController.swift in Sources */ = {isa = PBXBuildFile; fileRef = 934FE1DB2B396496001C23F0 /* DrinkDetailViewController.swift */; };
		937605992C4A6B0300B1316C /* BottomLineTextField.swift in Sources */ = {isa = PBXBuildFile; fileRef = 937605982C4A6B0300B1316C /* BottomLineTextField.swift */; };
		9376059B2C4AAA9C00B1316C /* UIColor+CustomColors.swift in Sources */ = {isa = PBXBuildFile; fileRef = 9376059A2C4AAA9C00B1316C /* UIColor+CustomColors.swift */; };
		937605A02C4BB6BD00B1316C /* GoogleSignIn in Frameworks */ = {isa = PBXBuildFile; productRef = 9376059F2C4BB6BD00B1316C /* GoogleSignIn */; };
		937605A22C4BB6BD00B1316C /* GoogleSignInSwift in Frameworks */ = {isa = PBXBuildFile; productRef = 937605A12C4BB6BD00B1316C /* GoogleSignInSwift */; };
		937605A62C4BB7C200B1316C /* GoogleService-Info.plist in Resources */ = {isa = PBXBuildFile; fileRef = 937605A52C4BB7C200B1316C /* GoogleService-Info.plist */; };
		937605A82C4BFA9F00B1316C /* GoogleSignInController.swift in Sources */ = {isa = PBXBuildFile; fileRef = 937605A72C4BFA9F00B1316C /* GoogleSignInController.swift */; };
		939BD9D02B2A1B1700616D1C /* AppDelegate.swift in Sources */ = {isa = PBXBuildFile; fileRef = 939BD9CF2B2A1B1700616D1C /* AppDelegate.swift */; };
		939BD9D22B2A1B1700616D1C /* SceneDelegate.swift in Sources */ = {isa = PBXBuildFile; fileRef = 939BD9D12B2A1B1700616D1C /* SceneDelegate.swift */; };
		939BD9D72B2A1B1700616D1C /* Main.storyboard in Resources */ = {isa = PBXBuildFile; fileRef = 939BD9D52B2A1B1700616D1C /* Main.storyboard */; };
		939BD9D92B2A1B1900616D1C /* Assets.xcassets in Resources */ = {isa = PBXBuildFile; fileRef = 939BD9D82B2A1B1900616D1C /* Assets.xcassets */; };
		939BD9DC2B2A1B1900616D1C /* LaunchScreen.storyboard in Resources */ = {isa = PBXBuildFile; fileRef = 939BD9DA2B2A1B1900616D1C /* LaunchScreen.storyboard */; };
		939BD9E42B2A1B4E00616D1C /* HomePageViewController.swift in Sources */ = {isa = PBXBuildFile; fileRef = 939BD9E32B2A1B4E00616D1C /* HomePageViewController.swift */; };
		939BD9EB2B2A7FB200616D1C /* UIButton+Styles.swift in Sources */ = {isa = PBXBuildFile; fileRef = 939BD9EA2B2A7FB200616D1C /* UIButton+Styles.swift */; };
		939BD9EF2B2AA48B00616D1C /* LoginViewController.swift in Sources */ = {isa = PBXBuildFile; fileRef = 939BD9EE2B2AA48B00616D1C /* LoginViewController.swift */; };
		939BD9F12B2AB9C200616D1C /* SignUpViewController.swift in Sources */ = {isa = PBXBuildFile; fileRef = 939BD9F02B2AB9C200616D1C /* SignUpViewController.swift */; };
		939BD9F32B2AC27700616D1C /* ForgotPasswordViewController.swift in Sources */ = {isa = PBXBuildFile; fileRef = 939BD9F22B2AC27700616D1C /* ForgotPasswordViewController.swift */; };
		939BDA2C2B2AC53700616D1C /* UIViewController+HideKeyboard.swift in Sources */ = {isa = PBXBuildFile; fileRef = 939BDA2B2B2AC53700616D1C /* UIViewController+HideKeyboard.swift */; };
		939BDA2F2B2ACB8300616D1C /* FirebaseAnalytics in Frameworks */ = {isa = PBXBuildFile; productRef = 939BDA2E2B2ACB8300616D1C /* FirebaseAnalytics */; };
		939BDA312B2ACB8300616D1C /* FirebaseAnalyticsOnDeviceConversion in Frameworks */ = {isa = PBXBuildFile; productRef = 939BDA302B2ACB8300616D1C /* FirebaseAnalyticsOnDeviceConversion */; };
		939BDA332B2ACB8300616D1C /* FirebaseAnalyticsSwift in Frameworks */ = {isa = PBXBuildFile; productRef = 939BDA322B2ACB8300616D1C /* FirebaseAnalyticsSwift */; };
		939BDA352B2ACB8300616D1C /* FirebaseAnalyticsWithoutAdIdSupport in Frameworks */ = {isa = PBXBuildFile; productRef = 939BDA342B2ACB8300616D1C /* FirebaseAnalyticsWithoutAdIdSupport */; };
		939BDA372B2ACB8300616D1C /* FirebaseAppCheck in Frameworks */ = {isa = PBXBuildFile; productRef = 939BDA362B2ACB8300616D1C /* FirebaseAppCheck */; };
		939BDA392B2ACB8300616D1C /* FirebaseAppDistribution-Beta in Frameworks */ = {isa = PBXBuildFile; productRef = 939BDA382B2ACB8300616D1C /* FirebaseAppDistribution-Beta */; };
		939BDA3B2B2ACB8300616D1C /* FirebaseAuth in Frameworks */ = {isa = PBXBuildFile; productRef = 939BDA3A2B2ACB8300616D1C /* FirebaseAuth */; };
		939BDA3D2B2ACB8300616D1C /* FirebaseAuthCombine-Community in Frameworks */ = {isa = PBXBuildFile; productRef = 939BDA3C2B2ACB8300616D1C /* FirebaseAuthCombine-Community */; };
		939BDA3F2B2ACB8300616D1C /* FirebaseCrashlytics in Frameworks */ = {isa = PBXBuildFile; productRef = 939BDA3E2B2ACB8300616D1C /* FirebaseCrashlytics */; };
		939BDA412B2ACB8300616D1C /* FirebaseDatabase in Frameworks */ = {isa = PBXBuildFile; productRef = 939BDA402B2ACB8300616D1C /* FirebaseDatabase */; };
		939BDA432B2ACB8300616D1C /* FirebaseDatabaseSwift in Frameworks */ = {isa = PBXBuildFile; productRef = 939BDA422B2ACB8300616D1C /* FirebaseDatabaseSwift */; };
		939BDA452B2ACB8300616D1C /* FirebaseDynamicLinks in Frameworks */ = {isa = PBXBuildFile; productRef = 939BDA442B2ACB8300616D1C /* FirebaseDynamicLinks */; };
		939BDA472B2ACB8300616D1C /* FirebaseFirestore in Frameworks */ = {isa = PBXBuildFile; productRef = 939BDA462B2ACB8300616D1C /* FirebaseFirestore */; };
		939BDA492B2ACB8300616D1C /* FirebaseFirestoreCombine-Community in Frameworks */ = {isa = PBXBuildFile; productRef = 939BDA482B2ACB8300616D1C /* FirebaseFirestoreCombine-Community */; };
		939BDA4B2B2ACB8300616D1C /* FirebaseFirestoreSwift in Frameworks */ = {isa = PBXBuildFile; productRef = 939BDA4A2B2ACB8300616D1C /* FirebaseFirestoreSwift */; };
		939BDA4D2B2ACB8300616D1C /* FirebaseFunctions in Frameworks */ = {isa = PBXBuildFile; productRef = 939BDA4C2B2ACB8300616D1C /* FirebaseFunctions */; };
		939BDA4F2B2ACB8300616D1C /* FirebaseFunctionsCombine-Community in Frameworks */ = {isa = PBXBuildFile; productRef = 939BDA4E2B2ACB8300616D1C /* FirebaseFunctionsCombine-Community */; };
		939BDA512B2ACB8300616D1C /* FirebaseInAppMessaging-Beta in Frameworks */ = {isa = PBXBuildFile; productRef = 939BDA502B2ACB8300616D1C /* FirebaseInAppMessaging-Beta */; };
		939BDA532B2ACB8300616D1C /* FirebaseInAppMessagingSwift-Beta in Frameworks */ = {isa = PBXBuildFile; productRef = 939BDA522B2ACB8300616D1C /* FirebaseInAppMessagingSwift-Beta */; };
		939BDA552B2ACB8300616D1C /* FirebaseInstallations in Frameworks */ = {isa = PBXBuildFile; productRef = 939BDA542B2ACB8300616D1C /* FirebaseInstallations */; };
		939BDA572B2ACB8300616D1C /* FirebaseMLModelDownloader in Frameworks */ = {isa = PBXBuildFile; productRef = 939BDA562B2ACB8300616D1C /* FirebaseMLModelDownloader */; };
		939BDA592B2ACB8300616D1C /* FirebaseMessaging in Frameworks */ = {isa = PBXBuildFile; productRef = 939BDA582B2ACB8300616D1C /* FirebaseMessaging */; };
		939BDA5B2B2ACB8300616D1C /* FirebasePerformance in Frameworks */ = {isa = PBXBuildFile; productRef = 939BDA5A2B2ACB8300616D1C /* FirebasePerformance */; };
		939BDA5D2B2ACB8300616D1C /* FirebaseRemoteConfig in Frameworks */ = {isa = PBXBuildFile; productRef = 939BDA5C2B2ACB8300616D1C /* FirebaseRemoteConfig */; };
		939BDA5F2B2ACB8300616D1C /* FirebaseRemoteConfigSwift in Frameworks */ = {isa = PBXBuildFile; productRef = 939BDA5E2B2ACB8300616D1C /* FirebaseRemoteConfigSwift */; };
		939BDA612B2ACB8300616D1C /* FirebaseStorage in Frameworks */ = {isa = PBXBuildFile; productRef = 939BDA602B2ACB8300616D1C /* FirebaseStorage */; };
		939BDA632B2ACB8300616D1C /* FirebaseStorageCombine-Community in Frameworks */ = {isa = PBXBuildFile; productRef = 939BDA622B2ACB8300616D1C /* FirebaseStorageCombine-Community */; };
		939BDA652B2ACBA200616D1C /* FirebaseController.swift in Sources */ = {isa = PBXBuildFile; fileRef = 939BDA642B2ACBA200616D1C /* FirebaseController.swift */; };
		939BDA692B2B82BC00616D1C /* AlertService.swift in Sources */ = {isa = PBXBuildFile; fileRef = 939BDA682B2B82BC00616D1C /* AlertService.swift */; };
		939BDA6B2B2B97ED00616D1C /* ActivityIndicatorManager.swift in Sources */ = {isa = PBXBuildFile; fileRef = 939BDA6A2B2B97ED00616D1C /* ActivityIndicatorManager.swift */; };
		939BDA6F2B2C211200616D1C /* Constants.swift in Sources */ = {isa = PBXBuildFile; fileRef = 939BDA6E2B2C211200616D1C /* Constants.swift */; };
		939BDA722B2FA72500616D1C /* MenuCollectionViewController.swift in Sources */ = {isa = PBXBuildFile; fileRef = 939BDA712B2FA72500616D1C /* MenuCollectionViewController.swift */; };
		939BDA742B2FB3E400616D1C /* MenuModels.swift in Sources */ = {isa = PBXBuildFile; fileRef = 939BDA732B2FB3E400616D1C /* MenuModels.swift */; };
		939BDA762B2FC08300616D1C /* CategoryCollectionViewCell.swift in Sources */ = {isa = PBXBuildFile; fileRef = 939BDA752B2FC08300616D1C /* CategoryCollectionViewCell.swift */; };
		939BDA792B2FC90300616D1C /* Kingfisher in Frameworks */ = {isa = PBXBuildFile; productRef = 939BDA782B2FC90300616D1C /* Kingfisher */; };
		939BDA7D2B30EB6400616D1C /* DrinksCategoryCollectionViewController.swift in Sources */ = {isa = PBXBuildFile; fileRef = 939BDA7C2B30EB6400616D1C /* DrinksCategoryCollectionViewController.swift */; };
		939BDA812B32959700616D1C /* DrinksCategorySectionHeaderView.swift in Sources */ = {isa = PBXBuildFile; fileRef = 939BDA802B32959700616D1C /* DrinksCategorySectionHeaderView.swift */; };
		939BDA852B32AD5200616D1C /* UIImageView+Styles.swift in Sources */ = {isa = PBXBuildFile; fileRef = 939BDA842B32AD5200616D1C /* UIImageView+Styles.swift */; };
		93B492912C3E684700E7B947 /* OrderModificationDelegate.swift in Sources */ = {isa = PBXBuildFile; fileRef = 93B492902C3E684700E7B947 /* OrderModificationDelegate.swift */; };
		93B492932C410A2E00E7B947 /* OrderSummaryCollectionViewCell.swift in Sources */ = {isa = PBXBuildFile; fileRef = 93B492922C410A2E00E7B947 /* OrderSummaryCollectionViewCell.swift */; };
		93B492972C416C0100E7B947 /* NoOrdersViewCell.swift in Sources */ = {isa = PBXBuildFile; fileRef = 93B492962C416C0100E7B947 /* NoOrdersViewCell.swift */; };
		93B9DC742C3017FB0050BC3F /* DrinksCategoryLayoutProvider.swift in Sources */ = {isa = PBXBuildFile; fileRef = 93B9DC732C3017FB0050BC3F /* DrinksCategoryLayoutProvider.swift */; };
		93B9DC762C3042710050BC3F /* MenuLayoutProvider.swift in Sources */ = {isa = PBXBuildFile; fileRef = 93B9DC752C3042710050BC3F /* MenuLayoutProvider.swift */; };
		93B9DC782C314F7A0050BC3F /* DrinkDetailLayoutProvider.swift in Sources */ = {isa = PBXBuildFile; fileRef = 93B9DC772C314F7A0050BC3F /* DrinkDetailLayoutProvider.swift */; };
		93B9DC7A2C3181910050BC3F /* UIView+SpringAnimation.swift in Sources */ = {isa = PBXBuildFile; fileRef = 93B9DC792C3181910050BC3F /* UIView+SpringAnimation.swift */; };
		93B9DC7D2C32B0BB0050BC3F /* OrderViewController.swift in Sources */ = {isa = PBXBuildFile; fileRef = 93B9DC7C2C32B0BB0050BC3F /* OrderViewController.swift */; };
		93B9DC7F2C32C5BC0050BC3F /* MenuController.swift in Sources */ = {isa = PBXBuildFile; fileRef = 93B9DC7E2C32C5BC0050BC3F /* MenuController.swift */; };
		93B9DC812C32D7740050BC3F /* OrderController.swift in Sources */ = {isa = PBXBuildFile; fileRef = 93B9DC802C32D7740050BC3F /* OrderController.swift */; };
		93B9DC832C33B9A00050BC3F /* OrderModels.swift in Sources */ = {isa = PBXBuildFile; fileRef = 93B9DC822C33B9A00050BC3F /* OrderModels.swift */; };
		93B9DC852C3546150050BC3F /* UserDetails.swift in Sources */ = {isa = PBXBuildFile; fileRef = 93B9DC842C3546150050BC3F /* UserDetails.swift */; };
		93B9DC872C3661DF0050BC3F /* MainTabBarController.swift in Sources */ = {isa = PBXBuildFile; fileRef = 93B9DC862C3661DF0050BC3F /* MainTabBarController.swift */; };
		93B9DC892C368DA80050BC3F /* OrderItemCollectionViewCell.swift in Sources */ = {isa = PBXBuildFile; fileRef = 93B9DC882C368DA80050BC3F /* OrderItemCollectionViewCell.swift */; };
		93DB1D2B2C439F8900BA2CC1 /* NavigationHelper.swift in Sources */ = {isa = PBXBuildFile; fileRef = 93DB1D2A2C439F8900BA2CC1 /* NavigationHelper.swift */; };
		93DB1D2D2C43D82200BA2CC1 /* OrderSectionHeaderView.swift in Sources */ = {isa = PBXBuildFile; fileRef = 93DB1D2C2C43D82200BA2CC1 /* OrderSectionHeaderView.swift */; };
		93DB1D2F2C461F9D00BA2CC1 /* KeychainManager.swift in Sources */ = {isa = PBXBuildFile; fileRef = 93DB1D2E2C461F9D00BA2CC1 /* KeychainManager.swift */; };
		93DB1D332C47696000BA2CC1 /* LoginView.swift in Sources */ = {isa = PBXBuildFile; fileRef = 93DB1D322C47696000BA2CC1 /* LoginView.swift */; };
		93DB1D352C47EE1900BA2CC1 /* ForgotPasswordView.swift in Sources */ = {isa = PBXBuildFile; fileRef = 93DB1D342C47EE1900BA2CC1 /* ForgotPasswordView.swift */; };
		93DB1D3A2C49618C00BA2CC1 /* SignUpView.swift in Sources */ = {isa = PBXBuildFile; fileRef = 93DB1D392C49618C00BA2CC1 /* SignUpView.swift */; };
		93F9BB3A2C193CEA00355A87 /* DrinkInfoCollectionViewCell.swift in Sources */ = {isa = PBXBuildFile; fileRef = 93F9BB392C193CEA00355A87 /* DrinkInfoCollectionViewCell.swift */; };
		93F9BB402C1C0DEA00355A87 /* DrinkSizeSelectionCollectionViewCell.swift in Sources */ = {isa = PBXBuildFile; fileRef = 93F9BB3F2C1C0DEA00355A87 /* DrinkSizeSelectionCollectionViewCell.swift */; };
		93F9BB422C1E0A8800355A87 /* DrinkPriceInfoCollectionViewCell.swift in Sources */ = {isa = PBXBuildFile; fileRef = 93F9BB412C1E0A8800355A87 /* DrinkPriceInfoCollectionViewCell.swift */; };
		93F9BB4A2C269AC600355A87 /* DrinkDetailSeparatorView.swift in Sources */ = {isa = PBXBuildFile; fileRef = 93F9BB492C269AC600355A87 /* DrinkDetailSeparatorView.swift */; };
		93F9BB4E2C27F91400355A87 /* DottedLineView.swift in Sources */ = {isa = PBXBuildFile; fileRef = 93F9BB4D2C27F91400355A87 /* DottedLineView.swift */; };
		93F9BB5A2C2A566D00355A87 /* DrinkOrderOptionsCollectionViewCell.swift in Sources */ = {isa = PBXBuildFile; fileRef = 93F9BB592C2A566D00355A87 /* DrinkOrderOptionsCollectionViewCell.swift */; };
		93F9BB5C2C2E4E6200355A87 /* ColumnItemCell.swift in Sources */ = {isa = PBXBuildFile; fileRef = 93F9BB5B2C2E4E6200355A87 /* ColumnItemCell.swift */; };
		93F9BB5E2C2E4EEA00355A87 /* GridItemCell.swift in Sources */ = {isa = PBXBuildFile; fileRef = 93F9BB5D2C2E4EEA00355A87 /* GridItemCell.swift */; };
		93F9BB602C2FEF1500355A87 /* ThickSeparatorView.swift in Sources */ = {isa = PBXBuildFile; fileRef = 93F9BB5F2C2FEF1500355A87 /* ThickSeparatorView.swift */; };
/* End PBXBuildFile section */

/* Begin PBXFileReference section */
		934FE1DB2B396496001C23F0 /* DrinkDetailViewController.swift */ = {isa = PBXFileReference; lastKnownFileType = sourcecode.swift; path = DrinkDetailViewController.swift; sourceTree = "<group>"; };
		937605982C4A6B0300B1316C /* BottomLineTextField.swift */ = {isa = PBXFileReference; lastKnownFileType = sourcecode.swift; path = BottomLineTextField.swift; sourceTree = "<group>"; };
		9376059A2C4AAA9C00B1316C /* UIColor+CustomColors.swift */ = {isa = PBXFileReference; lastKnownFileType = sourcecode.swift; path = "UIColor+CustomColors.swift"; sourceTree = "<group>"; };
		937605A52C4BB7C200B1316C /* GoogleService-Info.plist */ = {isa = PBXFileReference; fileEncoding = 4; lastKnownFileType = text.plist.xml; path = "GoogleService-Info.plist"; sourceTree = "<group>"; };
		937605A72C4BFA9F00B1316C /* GoogleSignInController.swift */ = {isa = PBXFileReference; lastKnownFileType = sourcecode.swift; path = GoogleSignInController.swift; sourceTree = "<group>"; };
		939BD9CC2B2A1B1700616D1C /* HW_OrderCoffeeApp.app */ = {isa = PBXFileReference; explicitFileType = wrapper.application; includeInIndex = 0; path = HW_OrderCoffeeApp.app; sourceTree = BUILT_PRODUCTS_DIR; };
		939BD9CF2B2A1B1700616D1C /* AppDelegate.swift */ = {isa = PBXFileReference; lastKnownFileType = sourcecode.swift; path = AppDelegate.swift; sourceTree = "<group>"; };
		939BD9D12B2A1B1700616D1C /* SceneDelegate.swift */ = {isa = PBXFileReference; lastKnownFileType = sourcecode.swift; path = SceneDelegate.swift; sourceTree = "<group>"; };
		939BD9D62B2A1B1700616D1C /* Base */ = {isa = PBXFileReference; lastKnownFileType = file.storyboard; name = Base; path = Base.lproj/Main.storyboard; sourceTree = "<group>"; };
		939BD9D82B2A1B1900616D1C /* Assets.xcassets */ = {isa = PBXFileReference; lastKnownFileType = folder.assetcatalog; path = Assets.xcassets; sourceTree = "<group>"; };
		939BD9DB2B2A1B1900616D1C /* Base */ = {isa = PBXFileReference; lastKnownFileType = file.storyboard; name = Base; path = Base.lproj/LaunchScreen.storyboard; sourceTree = "<group>"; };
		939BD9DD2B2A1B1900616D1C /* Info.plist */ = {isa = PBXFileReference; lastKnownFileType = text.plist.xml; path = Info.plist; sourceTree = "<group>"; };
		939BD9E32B2A1B4E00616D1C /* HomePageViewController.swift */ = {isa = PBXFileReference; lastKnownFileType = sourcecode.swift; path = HomePageViewController.swift; sourceTree = "<group>"; };
		939BD9EA2B2A7FB200616D1C /* UIButton+Styles.swift */ = {isa = PBXFileReference; lastKnownFileType = sourcecode.swift; path = "UIButton+Styles.swift"; sourceTree = "<group>"; };
		939BD9EE2B2AA48B00616D1C /* LoginViewController.swift */ = {isa = PBXFileReference; lastKnownFileType = sourcecode.swift; path = LoginViewController.swift; sourceTree = "<group>"; };
		939BD9F02B2AB9C200616D1C /* SignUpViewController.swift */ = {isa = PBXFileReference; lastKnownFileType = sourcecode.swift; path = SignUpViewController.swift; sourceTree = "<group>"; };
		939BD9F22B2AC27700616D1C /* ForgotPasswordViewController.swift */ = {isa = PBXFileReference; lastKnownFileType = sourcecode.swift; path = ForgotPasswordViewController.swift; sourceTree = "<group>"; };
		939BDA2B2B2AC53700616D1C /* UIViewController+HideKeyboard.swift */ = {isa = PBXFileReference; lastKnownFileType = sourcecode.swift; path = "UIViewController+HideKeyboard.swift"; sourceTree = "<group>"; };
		939BDA642B2ACBA200616D1C /* FirebaseController.swift */ = {isa = PBXFileReference; lastKnownFileType = sourcecode.swift; path = FirebaseController.swift; sourceTree = "<group>"; };
		939BDA682B2B82BC00616D1C /* AlertService.swift */ = {isa = PBXFileReference; lastKnownFileType = sourcecode.swift; path = AlertService.swift; sourceTree = "<group>"; };
		939BDA6A2B2B97ED00616D1C /* ActivityIndicatorManager.swift */ = {isa = PBXFileReference; lastKnownFileType = sourcecode.swift; path = ActivityIndicatorManager.swift; sourceTree = "<group>"; };
		939BDA6E2B2C211200616D1C /* Constants.swift */ = {isa = PBXFileReference; lastKnownFileType = sourcecode.swift; path = Constants.swift; sourceTree = "<group>"; };
		939BDA712B2FA72500616D1C /* MenuCollectionViewController.swift */ = {isa = PBXFileReference; lastKnownFileType = sourcecode.swift; path = MenuCollectionViewController.swift; sourceTree = "<group>"; };
		939BDA732B2FB3E400616D1C /* MenuModels.swift */ = {isa = PBXFileReference; lastKnownFileType = sourcecode.swift; path = MenuModels.swift; sourceTree = "<group>"; };
		939BDA752B2FC08300616D1C /* CategoryCollectionViewCell.swift */ = {isa = PBXFileReference; lastKnownFileType = sourcecode.swift; path = CategoryCollectionViewCell.swift; sourceTree = "<group>"; };
		939BDA7C2B30EB6400616D1C /* DrinksCategoryCollectionViewController.swift */ = {isa = PBXFileReference; lastKnownFileType = sourcecode.swift; path = DrinksCategoryCollectionViewController.swift; sourceTree = "<group>"; };
		939BDA802B32959700616D1C /* DrinksCategorySectionHeaderView.swift */ = {isa = PBXFileReference; lastKnownFileType = sourcecode.swift; path = DrinksCategorySectionHeaderView.swift; sourceTree = "<group>"; };
		939BDA842B32AD5200616D1C /* UIImageView+Styles.swift */ = {isa = PBXFileReference; lastKnownFileType = sourcecode.swift; path = "UIImageView+Styles.swift"; sourceTree = "<group>"; };
		93B492902C3E684700E7B947 /* OrderModificationDelegate.swift */ = {isa = PBXFileReference; lastKnownFileType = sourcecode.swift; path = OrderModificationDelegate.swift; sourceTree = "<group>"; };
		93B492922C410A2E00E7B947 /* OrderSummaryCollectionViewCell.swift */ = {isa = PBXFileReference; lastKnownFileType = sourcecode.swift; path = OrderSummaryCollectionViewCell.swift; sourceTree = "<group>"; };
		93B492962C416C0100E7B947 /* NoOrdersViewCell.swift */ = {isa = PBXFileReference; lastKnownFileType = sourcecode.swift; path = NoOrdersViewCell.swift; sourceTree = "<group>"; };
		93B9DC732C3017FB0050BC3F /* DrinksCategoryLayoutProvider.swift */ = {isa = PBXFileReference; lastKnownFileType = sourcecode.swift; path = DrinksCategoryLayoutProvider.swift; sourceTree = "<group>"; };
		93B9DC752C3042710050BC3F /* MenuLayoutProvider.swift */ = {isa = PBXFileReference; lastKnownFileType = sourcecode.swift; path = MenuLayoutProvider.swift; sourceTree = "<group>"; };
		93B9DC772C314F7A0050BC3F /* DrinkDetailLayoutProvider.swift */ = {isa = PBXFileReference; lastKnownFileType = sourcecode.swift; path = DrinkDetailLayoutProvider.swift; sourceTree = "<group>"; };
		93B9DC792C3181910050BC3F /* UIView+SpringAnimation.swift */ = {isa = PBXFileReference; lastKnownFileType = sourcecode.swift; path = "UIView+SpringAnimation.swift"; sourceTree = "<group>"; };
		93B9DC7C2C32B0BB0050BC3F /* OrderViewController.swift */ = {isa = PBXFileReference; lastKnownFileType = sourcecode.swift; path = OrderViewController.swift; sourceTree = "<group>"; };
		93B9DC7E2C32C5BC0050BC3F /* MenuController.swift */ = {isa = PBXFileReference; lastKnownFileType = sourcecode.swift; path = MenuController.swift; sourceTree = "<group>"; };
		93B9DC802C32D7740050BC3F /* OrderController.swift */ = {isa = PBXFileReference; lastKnownFileType = sourcecode.swift; path = OrderController.swift; sourceTree = "<group>"; };
		93B9DC822C33B9A00050BC3F /* OrderModels.swift */ = {isa = PBXFileReference; lastKnownFileType = sourcecode.swift; path = OrderModels.swift; sourceTree = "<group>"; };
		93B9DC842C3546150050BC3F /* UserDetails.swift */ = {isa = PBXFileReference; lastKnownFileType = sourcecode.swift; path = UserDetails.swift; sourceTree = "<group>"; };
		93B9DC862C3661DF0050BC3F /* MainTabBarController.swift */ = {isa = PBXFileReference; lastKnownFileType = sourcecode.swift; path = MainTabBarController.swift; sourceTree = "<group>"; };
		93B9DC882C368DA80050BC3F /* OrderItemCollectionViewCell.swift */ = {isa = PBXFileReference; lastKnownFileType = sourcecode.swift; path = OrderItemCollectionViewCell.swift; sourceTree = "<group>"; };
		93DB1D2A2C439F8900BA2CC1 /* NavigationHelper.swift */ = {isa = PBXFileReference; lastKnownFileType = sourcecode.swift; path = NavigationHelper.swift; sourceTree = "<group>"; };
		93DB1D2C2C43D82200BA2CC1 /* OrderSectionHeaderView.swift */ = {isa = PBXFileReference; lastKnownFileType = sourcecode.swift; path = OrderSectionHeaderView.swift; sourceTree = "<group>"; };
		93DB1D2E2C461F9D00BA2CC1 /* KeychainManager.swift */ = {isa = PBXFileReference; lastKnownFileType = sourcecode.swift; path = KeychainManager.swift; sourceTree = "<group>"; };
		93DB1D322C47696000BA2CC1 /* LoginView.swift */ = {isa = PBXFileReference; lastKnownFileType = sourcecode.swift; path = LoginView.swift; sourceTree = "<group>"; };
		93DB1D342C47EE1900BA2CC1 /* ForgotPasswordView.swift */ = {isa = PBXFileReference; lastKnownFileType = sourcecode.swift; path = ForgotPasswordView.swift; sourceTree = "<group>"; };
		93DB1D392C49618C00BA2CC1 /* SignUpView.swift */ = {isa = PBXFileReference; lastKnownFileType = sourcecode.swift; path = SignUpView.swift; sourceTree = "<group>"; };
		93F9BB392C193CEA00355A87 /* DrinkInfoCollectionViewCell.swift */ = {isa = PBXFileReference; lastKnownFileType = sourcecode.swift; path = DrinkInfoCollectionViewCell.swift; sourceTree = "<group>"; };
		93F9BB3F2C1C0DEA00355A87 /* DrinkSizeSelectionCollectionViewCell.swift */ = {isa = PBXFileReference; lastKnownFileType = sourcecode.swift; path = DrinkSizeSelectionCollectionViewCell.swift; sourceTree = "<group>"; };
		93F9BB412C1E0A8800355A87 /* DrinkPriceInfoCollectionViewCell.swift */ = {isa = PBXFileReference; lastKnownFileType = sourcecode.swift; path = DrinkPriceInfoCollectionViewCell.swift; sourceTree = "<group>"; };
		93F9BB492C269AC600355A87 /* DrinkDetailSeparatorView.swift */ = {isa = PBXFileReference; lastKnownFileType = sourcecode.swift; path = DrinkDetailSeparatorView.swift; sourceTree = "<group>"; };
		93F9BB4D2C27F91400355A87 /* DottedLineView.swift */ = {isa = PBXFileReference; lastKnownFileType = sourcecode.swift; path = DottedLineView.swift; sourceTree = "<group>"; };
		93F9BB592C2A566D00355A87 /* DrinkOrderOptionsCollectionViewCell.swift */ = {isa = PBXFileReference; lastKnownFileType = sourcecode.swift; path = DrinkOrderOptionsCollectionViewCell.swift; sourceTree = "<group>"; };
		93F9BB5B2C2E4E6200355A87 /* ColumnItemCell.swift */ = {isa = PBXFileReference; lastKnownFileType = sourcecode.swift; path = ColumnItemCell.swift; sourceTree = "<group>"; };
		93F9BB5D2C2E4EEA00355A87 /* GridItemCell.swift */ = {isa = PBXFileReference; lastKnownFileType = sourcecode.swift; path = GridItemCell.swift; sourceTree = "<group>"; };
		93F9BB5F2C2FEF1500355A87 /* ThickSeparatorView.swift */ = {isa = PBXFileReference; lastKnownFileType = sourcecode.swift; path = ThickSeparatorView.swift; sourceTree = "<group>"; };
/* End PBXFileReference section */

/* Begin PBXFrameworksBuildPhase section */
		939BD9C92B2A1B1700616D1C /* Frameworks */ = {
			isa = PBXFrameworksBuildPhase;
			buildActionMask = 2147483647;
			files = (
				939BDA412B2ACB8300616D1C /* FirebaseDatabase in Frameworks */,
				939BDA4F2B2ACB8300616D1C /* FirebaseFunctionsCombine-Community in Frameworks */,
				939BDA472B2ACB8300616D1C /* FirebaseFirestore in Frameworks */,
				939BDA332B2ACB8300616D1C /* FirebaseAnalyticsSwift in Frameworks */,
				939BDA2F2B2ACB8300616D1C /* FirebaseAnalytics in Frameworks */,
				939BDA312B2ACB8300616D1C /* FirebaseAnalyticsOnDeviceConversion in Frameworks */,
				939BDA572B2ACB8300616D1C /* FirebaseMLModelDownloader in Frameworks */,
				939BDA4B2B2ACB8300616D1C /* FirebaseFirestoreSwift in Frameworks */,
				939BDA372B2ACB8300616D1C /* FirebaseAppCheck in Frameworks */,
				937605A02C4BB6BD00B1316C /* GoogleSignIn in Frameworks */,
				939BDA352B2ACB8300616D1C /* FirebaseAnalyticsWithoutAdIdSupport in Frameworks */,
				939BDA3B2B2ACB8300616D1C /* FirebaseAuth in Frameworks */,
				939BDA3F2B2ACB8300616D1C /* FirebaseCrashlytics in Frameworks */,
				939BDA5F2B2ACB8300616D1C /* FirebaseRemoteConfigSwift in Frameworks */,
				939BDA512B2ACB8300616D1C /* FirebaseInAppMessaging-Beta in Frameworks */,
				937605A22C4BB6BD00B1316C /* GoogleSignInSwift in Frameworks */,
				939BDA432B2ACB8300616D1C /* FirebaseDatabaseSwift in Frameworks */,
				939BDA4D2B2ACB8300616D1C /* FirebaseFunctions in Frameworks */,
				939BDA792B2FC90300616D1C /* Kingfisher in Frameworks */,
				939BDA632B2ACB8300616D1C /* FirebaseStorageCombine-Community in Frameworks */,
				939BDA5D2B2ACB8300616D1C /* FirebaseRemoteConfig in Frameworks */,
				939BDA392B2ACB8300616D1C /* FirebaseAppDistribution-Beta in Frameworks */,
				939BDA3D2B2ACB8300616D1C /* FirebaseAuthCombine-Community in Frameworks */,
				939BDA5B2B2ACB8300616D1C /* FirebasePerformance in Frameworks */,
				939BDA532B2ACB8300616D1C /* FirebaseInAppMessagingSwift-Beta in Frameworks */,
				939BDA612B2ACB8300616D1C /* FirebaseStorage in Frameworks */,
				939BDA452B2ACB8300616D1C /* FirebaseDynamicLinks in Frameworks */,
				939BDA492B2ACB8300616D1C /* FirebaseFirestoreCombine-Community in Frameworks */,
				939BDA592B2ACB8300616D1C /* FirebaseMessaging in Frameworks */,
				939BDA552B2ACB8300616D1C /* FirebaseInstallations in Frameworks */,
			);
			runOnlyForDeploymentPostprocessing = 0;
		};
/* End PBXFrameworksBuildPhase section */

/* Begin PBXGroup section */
		939BD9C32B2A1B1700616D1C = {
			isa = PBXGroup;
			children = (
				93DB1D2E2C461F9D00BA2CC1 /* KeychainManager.swift */,
				939BD9CE2B2A1B1700616D1C /* HW_OrderCoffeeApp */,
				939BD9CD2B2A1B1700616D1C /* Products */,
			);
			sourceTree = "<group>";
		};
		939BD9CD2B2A1B1700616D1C /* Products */ = {
			isa = PBXGroup;
			children = (
				939BD9CC2B2A1B1700616D1C /* HW_OrderCoffeeApp.app */,
			);
			name = Products;
			sourceTree = "<group>";
		};
		939BD9CE2B2A1B1700616D1C /* HW_OrderCoffeeApp */ = {
			isa = PBXGroup;
			children = (
				93F9BB582C293E3E00355A87 /* Utilities */,
				939BDA6C2B2C200F00616D1C /* Login+SignUp */,
				93F9BB502C291CC400355A87 /* Drinks */,
				939BDA702B2C25E400616D1C /* Services */,
				93F9BB4F2C2916C400355A87 /* Models */,
				939BD9CF2B2A1B1700616D1C /* AppDelegate.swift */,
				939BD9D12B2A1B1700616D1C /* SceneDelegate.swift */,
				939BD9D82B2A1B1900616D1C /* Assets.xcassets */,
				939BD9DA2B2A1B1900616D1C /* LaunchScreen.storyboard */,
				939BD9DD2B2A1B1900616D1C /* Info.plist */,
				937605A52C4BB7C200B1316C /* GoogleService-Info.plist */,
				939BD9D52B2A1B1700616D1C /* Main.storyboard */,
				93B9DC862C3661DF0050BC3F /* MainTabBarController.swift */,
				93B492902C3E684700E7B947 /* OrderModificationDelegate.swift */,
				93B9DC802C32D7740050BC3F /* OrderController.swift */,
				93DB1D2C2C43D82200BA2CC1 /* OrderSectionHeaderView.swift */,
				93B492922C410A2E00E7B947 /* OrderSummaryCollectionViewCell.swift */,
				93B9DC7C2C32B0BB0050BC3F /* OrderViewController.swift */,
				93DB1D2A2C439F8900BA2CC1 /* NavigationHelper.swift */,
				93B492962C416C0100E7B947 /* NoOrdersViewCell.swift */,
				93B9DC882C368DA80050BC3F /* OrderItemCollectionViewCell.swift */,
			);
			path = HW_OrderCoffeeApp;
			sourceTree = "<group>";
		};
		939BDA6C2B2C200F00616D1C /* Login+SignUp */ = {
			isa = PBXGroup;
			children = (
				939BDA6D2B2C203500616D1C /* View Controllers */,
			);
			path = "Login+SignUp";
			sourceTree = "<group>";
		};
		939BDA6D2B2C203500616D1C /* View Controllers */ = {
			isa = PBXGroup;
			children = (
				939BD9E32B2A1B4E00616D1C /* HomePageViewController.swift */,
				939BD9EE2B2AA48B00616D1C /* LoginViewController.swift */,
				93DB1D322C47696000BA2CC1 /* LoginView.swift */,
				939BD9F22B2AC27700616D1C /* ForgotPasswordViewController.swift */,
				93DB1D342C47EE1900BA2CC1 /* ForgotPasswordView.swift */,
				939BD9F02B2AB9C200616D1C /* SignUpViewController.swift */,
				93DB1D392C49618C00BA2CC1 /* SignUpView.swift */,
			);
			path = "View Controllers";
			sourceTree = "<group>";
		};
		939BDA702B2C25E400616D1C /* Services */ = {
			isa = PBXGroup;
			children = (
				939BDA642B2ACBA200616D1C /* FirebaseController.swift */,
				937605A72C4BFA9F00B1316C /* GoogleSignInController.swift */,
				93B9DC7E2C32C5BC0050BC3F /* MenuController.swift */,
				939BDA682B2B82BC00616D1C /* AlertService.swift */,
				939BDA6A2B2B97ED00616D1C /* ActivityIndicatorManager.swift */,
			);
			path = Services;
			sourceTree = "<group>";
		};
		93B9DC7B2C318E480050BC3F /* Layout Providers  */ = {
			isa = PBXGroup;
			children = (
				93B9DC752C3042710050BC3F /* MenuLayoutProvider.swift */,
				93B9DC732C3017FB0050BC3F /* DrinksCategoryLayoutProvider.swift */,
				93B9DC772C314F7A0050BC3F /* DrinkDetailLayoutProvider.swift */,
			);
			path = "Layout Providers ";
			sourceTree = "<group>";
		};
		93F9BB4F2C2916C400355A87 /* Models */ = {
			isa = PBXGroup;
			children = (
				93B9DC842C3546150050BC3F /* UserDetails.swift */,
				939BDA732B2FB3E400616D1C /* MenuModels.swift */,
				93B9DC822C33B9A00050BC3F /* OrderModels.swift */,
			);
			path = Models;
			sourceTree = "<group>";
		};
		93F9BB502C291CC400355A87 /* Drinks */ = {
			isa = PBXGroup;
			children = (
				93F9BB512C291DF500355A87 /* View Controllers */,
				93F9BB522C291E3900355A87 /* Views */,
				93B9DC7B2C318E480050BC3F /* Layout Providers  */,
			);
			path = Drinks;
			sourceTree = "<group>";
		};
		93F9BB512C291DF500355A87 /* View Controllers */ = {
			isa = PBXGroup;
			children = (
				939BDA712B2FA72500616D1C /* MenuCollectionViewController.swift */,
				939BDA7C2B30EB6400616D1C /* DrinksCategoryCollectionViewController.swift */,
				934FE1DB2B396496001C23F0 /* DrinkDetailViewController.swift */,
			);
			path = "View Controllers";
			sourceTree = "<group>";
		};
		93F9BB522C291E3900355A87 /* Views */ = {
			isa = PBXGroup;
			children = (
				93F9BB562C291F7600355A87 /* SupplementaryViews */,
				93F9BB532C291E5400355A87 /* MenuCategoryCells */,
				93F9BB542C291EB400355A87 /* DrinksCategoryCells */,
				93F9BB552C291F0B00355A87 /* DrinkDetailCells */,
			);
			path = Views;
			sourceTree = "<group>";
		};
		93F9BB532C291E5400355A87 /* MenuCategoryCells */ = {
			isa = PBXGroup;
			children = (
				939BDA752B2FC08300616D1C /* CategoryCollectionViewCell.swift */,
			);
			path = MenuCategoryCells;
			sourceTree = "<group>";
		};
		93F9BB542C291EB400355A87 /* DrinksCategoryCells */ = {
			isa = PBXGroup;
			children = (
				93F9BB5B2C2E4E6200355A87 /* ColumnItemCell.swift */,
				93F9BB5D2C2E4EEA00355A87 /* GridItemCell.swift */,
			);
			path = DrinksCategoryCells;
			sourceTree = "<group>";
		};
		93F9BB552C291F0B00355A87 /* DrinkDetailCells */ = {
			isa = PBXGroup;
			children = (
				93F9BB392C193CEA00355A87 /* DrinkInfoCollectionViewCell.swift */,
				93F9BB3F2C1C0DEA00355A87 /* DrinkSizeSelectionCollectionViewCell.swift */,
				93F9BB412C1E0A8800355A87 /* DrinkPriceInfoCollectionViewCell.swift */,
				93F9BB592C2A566D00355A87 /* DrinkOrderOptionsCollectionViewCell.swift */,
			);
			path = DrinkDetailCells;
			sourceTree = "<group>";
		};
		93F9BB562C291F7600355A87 /* SupplementaryViews */ = {
			isa = PBXGroup;
			children = (
				939BDA802B32959700616D1C /* DrinksCategorySectionHeaderView.swift */,
				93F9BB492C269AC600355A87 /* DrinkDetailSeparatorView.swift */,
				93F9BB4D2C27F91400355A87 /* DottedLineView.swift */,
				93F9BB5F2C2FEF1500355A87 /* ThickSeparatorView.swift */,
			);
			path = SupplementaryViews;
			sourceTree = "<group>";
		};
		93F9BB582C293E3E00355A87 /* Utilities */ = {
			isa = PBXGroup;
			children = (
				939BDA6E2B2C211200616D1C /* Constants.swift */,
				939BDA2B2B2AC53700616D1C /* UIViewController+HideKeyboard.swift */,
				937605982C4A6B0300B1316C /* BottomLineTextField.swift */,
				939BD9EA2B2A7FB200616D1C /* UIButton+Styles.swift */,
				9376059A2C4AAA9C00B1316C /* UIColor+CustomColors.swift */,
				939BDA842B32AD5200616D1C /* UIImageView+Styles.swift */,
				93B9DC792C3181910050BC3F /* UIView+SpringAnimation.swift */,
			);
			path = Utilities;
			sourceTree = "<group>";
		};
/* End PBXGroup section */

/* Begin PBXNativeTarget section */
		939BD9CB2B2A1B1700616D1C /* HW_OrderCoffeeApp */ = {
			isa = PBXNativeTarget;
			buildConfigurationList = 939BD9E02B2A1B1900616D1C /* Build configuration list for PBXNativeTarget "HW_OrderCoffeeApp" */;
			buildPhases = (
				939BD9C82B2A1B1700616D1C /* Sources */,
				939BD9C92B2A1B1700616D1C /* Frameworks */,
				939BD9CA2B2A1B1700616D1C /* Resources */,
				93DB1D382C49286800BA2CC1 /* ShellScript */,
			);
			buildRules = (
			);
			dependencies = (
			);
			name = HW_OrderCoffeeApp;
			packageProductDependencies = (
				939BDA2E2B2ACB8300616D1C /* FirebaseAnalytics */,
				939BDA302B2ACB8300616D1C /* FirebaseAnalyticsOnDeviceConversion */,
				939BDA322B2ACB8300616D1C /* FirebaseAnalyticsSwift */,
				939BDA342B2ACB8300616D1C /* FirebaseAnalyticsWithoutAdIdSupport */,
				939BDA362B2ACB8300616D1C /* FirebaseAppCheck */,
				939BDA382B2ACB8300616D1C /* FirebaseAppDistribution-Beta */,
				939BDA3A2B2ACB8300616D1C /* FirebaseAuth */,
				939BDA3C2B2ACB8300616D1C /* FirebaseAuthCombine-Community */,
				939BDA3E2B2ACB8300616D1C /* FirebaseCrashlytics */,
				939BDA402B2ACB8300616D1C /* FirebaseDatabase */,
				939BDA422B2ACB8300616D1C /* FirebaseDatabaseSwift */,
				939BDA442B2ACB8300616D1C /* FirebaseDynamicLinks */,
				939BDA462B2ACB8300616D1C /* FirebaseFirestore */,
				939BDA482B2ACB8300616D1C /* FirebaseFirestoreCombine-Community */,
				939BDA4A2B2ACB8300616D1C /* FirebaseFirestoreSwift */,
				939BDA4C2B2ACB8300616D1C /* FirebaseFunctions */,
				939BDA4E2B2ACB8300616D1C /* FirebaseFunctionsCombine-Community */,
				939BDA502B2ACB8300616D1C /* FirebaseInAppMessaging-Beta */,
				939BDA522B2ACB8300616D1C /* FirebaseInAppMessagingSwift-Beta */,
				939BDA542B2ACB8300616D1C /* FirebaseInstallations */,
				939BDA562B2ACB8300616D1C /* FirebaseMLModelDownloader */,
				939BDA582B2ACB8300616D1C /* FirebaseMessaging */,
				939BDA5A2B2ACB8300616D1C /* FirebasePerformance */,
				939BDA5C2B2ACB8300616D1C /* FirebaseRemoteConfig */,
				939BDA5E2B2ACB8300616D1C /* FirebaseRemoteConfigSwift */,
				939BDA602B2ACB8300616D1C /* FirebaseStorage */,
				939BDA622B2ACB8300616D1C /* FirebaseStorageCombine-Community */,
				939BDA782B2FC90300616D1C /* Kingfisher */,
				9376059F2C4BB6BD00B1316C /* GoogleSignIn */,
				937605A12C4BB6BD00B1316C /* GoogleSignInSwift */,
			);
			productName = HW_OrderCoffeeApp;
			productReference = 939BD9CC2B2A1B1700616D1C /* HW_OrderCoffeeApp.app */;
			productType = "com.apple.product-type.application";
		};
/* End PBXNativeTarget section */

/* Begin PBXProject section */
		939BD9C42B2A1B1700616D1C /* Project object */ = {
			isa = PBXProject;
			attributes = {
				BuildIndependentTargetsInParallel = 1;
				LastSwiftUpdateCheck = 1500;
				LastUpgradeCheck = 1500;
				TargetAttributes = {
					939BD9CB2B2A1B1700616D1C = {
						CreatedOnToolsVersion = 15.0.1;
					};
				};
			};
			buildConfigurationList = 939BD9C72B2A1B1700616D1C /* Build configuration list for PBXProject "HW_OrderCoffeeApp" */;
			compatibilityVersion = "Xcode 14.0";
			developmentRegion = en;
			hasScannedForEncodings = 0;
			knownRegions = (
				en,
				Base,
			);
			mainGroup = 939BD9C32B2A1B1700616D1C;
			packageReferences = (
				939BDA2D2B2ACB8300616D1C /* XCRemoteSwiftPackageReference "firebase-ios-sdk" */,
				939BDA772B2FC90300616D1C /* XCRemoteSwiftPackageReference "Kingfisher" */,
				9376059E2C4BB6BC00B1316C /* XCRemoteSwiftPackageReference "GoogleSignIn-iOS" */,
			);
			productRefGroup = 939BD9CD2B2A1B1700616D1C /* Products */;
			projectDirPath = "";
			projectRoot = "";
			targets = (
				939BD9CB2B2A1B1700616D1C /* HW_OrderCoffeeApp */,
			);
		};
/* End PBXProject section */

/* Begin PBXResourcesBuildPhase section */
		939BD9CA2B2A1B1700616D1C /* Resources */ = {
			isa = PBXResourcesBuildPhase;
			buildActionMask = 2147483647;
			files = (
				939BD9DC2B2A1B1900616D1C /* LaunchScreen.storyboard in Resources */,
				937605A62C4BB7C200B1316C /* GoogleService-Info.plist in Resources */,
				939BD9D92B2A1B1900616D1C /* Assets.xcassets in Resources */,
				939BD9D72B2A1B1700616D1C /* Main.storyboard in Resources */,
			);
			runOnlyForDeploymentPostprocessing = 0;
		};
/* End PBXResourcesBuildPhase section */

/* Begin PBXShellScriptBuildPhase section */
		93DB1D382C49286800BA2CC1 /* ShellScript */ = {
			isa = PBXShellScriptBuildPhase;
			buildActionMask = 2147483647;
			files = (
			);
			inputFileListPaths = (
			);
			inputPaths = (
				"\"${BUILD_DIR%/Build/*}/SourcePackages/checkouts/firebase-ios-sdk/Crashlytics/run\"",
				"${DWARF_DSYM_FOLDER_PATH}/${DWARF_DSYM_FILE_NAME}",
				"${DWARF_DSYM_FOLDER_PATH}/${DWARF_DSYM_FILE_NAME}/Contents/Resources/DWARF/${PRODUCT_NAME}",
				"${DWARF_DSYM_FOLDER_PATH}/${DWARF_DSYM_FILE_NAME}/Contents/Info.plist",
				"$(TARGET_BUILD_DIR)/$(UNLOCALIZED_RESOURCES_FOLDER_PATH)/GoogleService-Info.plist",
				"$(TARGET_BUILD_DIR)/$(EXECUTABLE_PATH)",
			);
			outputFileListPaths = (
			);
			outputPaths = (
			);
			runOnlyForDeploymentPostprocessing = 0;
			shellPath = /bin/sh;
			shellScript = "\"${BUILD_DIR%/Build/*}/SourcePackages/checkouts/firebase-ios-sdk/Crashlytics/run\"\n";
		};
/* End PBXShellScriptBuildPhase section */

/* Begin PBXSourcesBuildPhase section */
		939BD9C82B2A1B1700616D1C /* Sources */ = {
			isa = PBXSourcesBuildPhase;
			buildActionMask = 2147483647;
			files = (
				939BDA762B2FC08300616D1C /* CategoryCollectionViewCell.swift in Sources */,
				939BDA7D2B30EB6400616D1C /* DrinksCategoryCollectionViewController.swift in Sources */,
				939BDA692B2B82BC00616D1C /* AlertService.swift in Sources */,
				939BDA652B2ACBA200616D1C /* FirebaseController.swift in Sources */,
				93B9DC832C33B9A00050BC3F /* OrderModels.swift in Sources */,
				93F9BB5C2C2E4E6200355A87 /* ColumnItemCell.swift in Sources */,
				93DB1D2D2C43D82200BA2CC1 /* OrderSectionHeaderView.swift in Sources */,
				939BDA2C2B2AC53700616D1C /* UIViewController+HideKeyboard.swift in Sources */,
				93F9BB5E2C2E4EEA00355A87 /* GridItemCell.swift in Sources */,
				93B492912C3E684700E7B947 /* OrderModificationDelegate.swift in Sources */,
				93DB1D3A2C49618C00BA2CC1 /* SignUpView.swift in Sources */,
				93B9DC782C314F7A0050BC3F /* DrinkDetailLayoutProvider.swift in Sources */,
				939BD9F32B2AC27700616D1C /* ForgotPasswordViewController.swift in Sources */,
				93B9DC742C3017FB0050BC3F /* DrinksCategoryLayoutProvider.swift in Sources */,
				939BD9EF2B2AA48B00616D1C /* LoginViewController.swift in Sources */,
				939BDA722B2FA72500616D1C /* MenuCollectionViewController.swift in Sources */,
				937605A82C4BFA9F00B1316C /* GoogleSignInController.swift in Sources */,
				9376059B2C4AAA9C00B1316C /* UIColor+CustomColors.swift in Sources */,
				93B9DC812C32D7740050BC3F /* OrderController.swift in Sources */,
				939BD9F12B2AB9C200616D1C /* SignUpViewController.swift in Sources */,
				93DB1D2F2C461F9D00BA2CC1 /* KeychainManager.swift in Sources */,
				93B492932C410A2E00E7B947 /* OrderSummaryCollectionViewCell.swift in Sources */,
				937605992C4A6B0300B1316C /* BottomLineTextField.swift in Sources */,
				939BDA812B32959700616D1C /* DrinksCategorySectionHeaderView.swift in Sources */,
				939BDA6B2B2B97ED00616D1C /* ActivityIndicatorManager.swift in Sources */,
				93B9DC7F2C32C5BC0050BC3F /* MenuController.swift in Sources */,
				939BDA6F2B2C211200616D1C /* Constants.swift in Sources */,
				939BD9D02B2A1B1700616D1C /* AppDelegate.swift in Sources */,
				93B9DC872C3661DF0050BC3F /* MainTabBarController.swift in Sources */,
				93B9DC762C3042710050BC3F /* MenuLayoutProvider.swift in Sources */,
				939BD9EB2B2A7FB200616D1C /* UIButton+Styles.swift in Sources */,
				93F9BB422C1E0A8800355A87 /* DrinkPriceInfoCollectionViewCell.swift in Sources */,
				93F9BB602C2FEF1500355A87 /* ThickSeparatorView.swift in Sources */,
				93F9BB3A2C193CEA00355A87 /* DrinkInfoCollectionViewCell.swift in Sources */,
				939BDA742B2FB3E400616D1C /* MenuModels.swift in Sources */,
				93DB1D2B2C439F8900BA2CC1 /* NavigationHelper.swift in Sources */,
				93F9BB5A2C2A566D00355A87 /* DrinkOrderOptionsCollectionViewCell.swift in Sources */,
				93F9BB4A2C269AC600355A87 /* DrinkDetailSeparatorView.swift in Sources */,
				93DB1D352C47EE1900BA2CC1 /* ForgotPasswordView.swift in Sources */,
				93B9DC7D2C32B0BB0050BC3F /* OrderViewController.swift in Sources */,
				93DB1D332C47696000BA2CC1 /* LoginView.swift in Sources */,
				939BD9D22B2A1B1700616D1C /* SceneDelegate.swift in Sources */,
				93F9BB4E2C27F91400355A87 /* DottedLineView.swift in Sources */,
				93B9DC7A2C3181910050BC3F /* UIView+SpringAnimation.swift in Sources */,
				934FE1DC2B396496001C23F0 /* DrinkDetailViewController.swift in Sources */,
				93B9DC892C368DA80050BC3F /* OrderItemCollectionViewCell.swift in Sources */,
				939BDA852B32AD5200616D1C /* UIImageView+Styles.swift in Sources */,
				939BD9E42B2A1B4E00616D1C /* HomePageViewController.swift in Sources */,
				93B492972C416C0100E7B947 /* NoOrdersViewCell.swift in Sources */,
				93F9BB402C1C0DEA00355A87 /* DrinkSizeSelectionCollectionViewCell.swift in Sources */,
				93B9DC852C3546150050BC3F /* UserDetails.swift in Sources */,
			);
			runOnlyForDeploymentPostprocessing = 0;
		};
/* End PBXSourcesBuildPhase section */

/* Begin PBXVariantGroup section */
		939BD9D52B2A1B1700616D1C /* Main.storyboard */ = {
			isa = PBXVariantGroup;
			children = (
				939BD9D62B2A1B1700616D1C /* Base */,
			);
			name = Main.storyboard;
			sourceTree = "<group>";
		};
		939BD9DA2B2A1B1900616D1C /* LaunchScreen.storyboard */ = {
			isa = PBXVariantGroup;
			children = (
				939BD9DB2B2A1B1900616D1C /* Base */,
			);
			name = LaunchScreen.storyboard;
			sourceTree = "<group>";
		};
/* End PBXVariantGroup section */

/* Begin XCBuildConfiguration section */
		939BD9DE2B2A1B1900616D1C /* Debug */ = {
			isa = XCBuildConfiguration;
			buildSettings = {
				ALWAYS_SEARCH_USER_PATHS = NO;
				ASSETCATALOG_COMPILER_GENERATE_SWIFT_ASSET_SYMBOL_EXTENSIONS = YES;
				CLANG_ANALYZER_NONNULL = YES;
				CLANG_ANALYZER_NUMBER_OBJECT_CONVERSION = YES_AGGRESSIVE;
				CLANG_CXX_LANGUAGE_STANDARD = "gnu++20";
				CLANG_ENABLE_MODULES = YES;
				CLANG_ENABLE_OBJC_ARC = YES;
				CLANG_ENABLE_OBJC_WEAK = YES;
				CLANG_WARN_BLOCK_CAPTURE_AUTORELEASING = YES;
				CLANG_WARN_BOOL_CONVERSION = YES;
				CLANG_WARN_COMMA = YES;
				CLANG_WARN_CONSTANT_CONVERSION = YES;
				CLANG_WARN_DEPRECATED_OBJC_IMPLEMENTATIONS = YES;
				CLANG_WARN_DIRECT_OBJC_ISA_USAGE = YES_ERROR;
				CLANG_WARN_DOCUMENTATION_COMMENTS = YES;
				CLANG_WARN_EMPTY_BODY = YES;
				CLANG_WARN_ENUM_CONVERSION = YES;
				CLANG_WARN_INFINITE_RECURSION = YES;
				CLANG_WARN_INT_CONVERSION = YES;
				CLANG_WARN_NON_LITERAL_NULL_CONVERSION = YES;
				CLANG_WARN_OBJC_IMPLICIT_RETAIN_SELF = YES;
				CLANG_WARN_OBJC_LITERAL_CONVERSION = YES;
				CLANG_WARN_OBJC_ROOT_CLASS = YES_ERROR;
				CLANG_WARN_QUOTED_INCLUDE_IN_FRAMEWORK_HEADER = YES;
				CLANG_WARN_RANGE_LOOP_ANALYSIS = YES;
				CLANG_WARN_STRICT_PROTOTYPES = YES;
				CLANG_WARN_SUSPICIOUS_MOVE = YES;
				CLANG_WARN_UNGUARDED_AVAILABILITY = YES_AGGRESSIVE;
				CLANG_WARN_UNREACHABLE_CODE = YES;
				CLANG_WARN__DUPLICATE_METHOD_MATCH = YES;
				COPY_PHASE_STRIP = NO;
				DEBUG_INFORMATION_FORMAT = dwarf;
				ENABLE_STRICT_OBJC_MSGSEND = YES;
				ENABLE_TESTABILITY = YES;
				ENABLE_USER_SCRIPT_SANDBOXING = YES;
				GCC_C_LANGUAGE_STANDARD = gnu17;
				GCC_DYNAMIC_NO_PIC = NO;
				GCC_NO_COMMON_BLOCKS = YES;
				GCC_OPTIMIZATION_LEVEL = 0;
				GCC_PREPROCESSOR_DEFINITIONS = (
					"DEBUG=1",
					"$(inherited)",
				);
				GCC_WARN_64_TO_32_BIT_CONVERSION = YES;
				GCC_WARN_ABOUT_RETURN_TYPE = YES_ERROR;
				GCC_WARN_UNDECLARED_SELECTOR = YES;
				GCC_WARN_UNINITIALIZED_AUTOS = YES_AGGRESSIVE;
				GCC_WARN_UNUSED_FUNCTION = YES;
				GCC_WARN_UNUSED_VARIABLE = YES;
				IPHONEOS_DEPLOYMENT_TARGET = 17.0;
				LOCALIZATION_PREFERS_STRING_CATALOGS = YES;
				MTL_ENABLE_DEBUG_INFO = INCLUDE_SOURCE;
				MTL_FAST_MATH = YES;
				ONLY_ACTIVE_ARCH = YES;
				SDKROOT = iphoneos;
				SWIFT_ACTIVE_COMPILATION_CONDITIONS = "DEBUG $(inherited)";
				SWIFT_OPTIMIZATION_LEVEL = "-Onone";
			};
			name = Debug;
		};
		939BD9DF2B2A1B1900616D1C /* Release */ = {
			isa = XCBuildConfiguration;
			buildSettings = {
				ALWAYS_SEARCH_USER_PATHS = NO;
				ASSETCATALOG_COMPILER_GENERATE_SWIFT_ASSET_SYMBOL_EXTENSIONS = YES;
				CLANG_ANALYZER_NONNULL = YES;
				CLANG_ANALYZER_NUMBER_OBJECT_CONVERSION = YES_AGGRESSIVE;
				CLANG_CXX_LANGUAGE_STANDARD = "gnu++20";
				CLANG_ENABLE_MODULES = YES;
				CLANG_ENABLE_OBJC_ARC = YES;
				CLANG_ENABLE_OBJC_WEAK = YES;
				CLANG_WARN_BLOCK_CAPTURE_AUTORELEASING = YES;
				CLANG_WARN_BOOL_CONVERSION = YES;
				CLANG_WARN_COMMA = YES;
				CLANG_WARN_CONSTANT_CONVERSION = YES;
				CLANG_WARN_DEPRECATED_OBJC_IMPLEMENTATIONS = YES;
				CLANG_WARN_DIRECT_OBJC_ISA_USAGE = YES_ERROR;
				CLANG_WARN_DOCUMENTATION_COMMENTS = YES;
				CLANG_WARN_EMPTY_BODY = YES;
				CLANG_WARN_ENUM_CONVERSION = YES;
				CLANG_WARN_INFINITE_RECURSION = YES;
				CLANG_WARN_INT_CONVERSION = YES;
				CLANG_WARN_NON_LITERAL_NULL_CONVERSION = YES;
				CLANG_WARN_OBJC_IMPLICIT_RETAIN_SELF = YES;
				CLANG_WARN_OBJC_LITERAL_CONVERSION = YES;
				CLANG_WARN_OBJC_ROOT_CLASS = YES_ERROR;
				CLANG_WARN_QUOTED_INCLUDE_IN_FRAMEWORK_HEADER = YES;
				CLANG_WARN_RANGE_LOOP_ANALYSIS = YES;
				CLANG_WARN_STRICT_PROTOTYPES = YES;
				CLANG_WARN_SUSPICIOUS_MOVE = YES;
				CLANG_WARN_UNGUARDED_AVAILABILITY = YES_AGGRESSIVE;
				CLANG_WARN_UNREACHABLE_CODE = YES;
				CLANG_WARN__DUPLICATE_METHOD_MATCH = YES;
				COPY_PHASE_STRIP = NO;
				DEBUG_INFORMATION_FORMAT = "dwarf-with-dsym";
				ENABLE_NS_ASSERTIONS = NO;
				ENABLE_STRICT_OBJC_MSGSEND = YES;
				ENABLE_USER_SCRIPT_SANDBOXING = YES;
				GCC_C_LANGUAGE_STANDARD = gnu17;
				GCC_NO_COMMON_BLOCKS = YES;
				GCC_WARN_64_TO_32_BIT_CONVERSION = YES;
				GCC_WARN_ABOUT_RETURN_TYPE = YES_ERROR;
				GCC_WARN_UNDECLARED_SELECTOR = YES;
				GCC_WARN_UNINITIALIZED_AUTOS = YES_AGGRESSIVE;
				GCC_WARN_UNUSED_FUNCTION = YES;
				GCC_WARN_UNUSED_VARIABLE = YES;
				IPHONEOS_DEPLOYMENT_TARGET = 17.0;
				LOCALIZATION_PREFERS_STRING_CATALOGS = YES;
				MTL_ENABLE_DEBUG_INFO = NO;
				MTL_FAST_MATH = YES;
				SDKROOT = iphoneos;
				SWIFT_COMPILATION_MODE = wholemodule;
				VALIDATE_PRODUCT = YES;
			};
			name = Release;
		};
		939BD9E12B2A1B1900616D1C /* Debug */ = {
			isa = XCBuildConfiguration;
			buildSettings = {
				ASSETCATALOG_COMPILER_APPICON_NAME = AppIcon;
				ASSETCATALOG_COMPILER_GLOBAL_ACCENT_COLOR_NAME = AccentColor;
				CODE_SIGN_STYLE = Automatic;
				CURRENT_PROJECT_VERSION = 1;
				DEBUG_INFORMATION_FORMAT = "dwarf-with-dsym";
				DEVELOPMENT_TEAM = P8FCS2FB8Z;
				GENERATE_INFOPLIST_FILE = YES;
				INFOPLIST_FILE = HW_OrderCoffeeApp/Info.plist;
				INFOPLIST_KEY_UIApplicationSupportsIndirectInputEvents = YES;
				INFOPLIST_KEY_UILaunchStoryboardName = LaunchScreen;
				INFOPLIST_KEY_UIMainStoryboardFile = Main;
				INFOPLIST_KEY_UISupportedInterfaceOrientations_iPad = "UIInterfaceOrientationPortrait UIInterfaceOrientationPortraitUpsideDown UIInterfaceOrientationLandscapeLeft UIInterfaceOrientationLandscapeRight";
				INFOPLIST_KEY_UISupportedInterfaceOrientations_iPhone = "UIInterfaceOrientationPortrait UIInterfaceOrientationLandscapeLeft UIInterfaceOrientationLandscapeRight";
				INFOPLIST_KEY_UIUserInterfaceStyle = Light;
				LD_RUNPATH_SEARCH_PATHS = (
					"$(inherited)",
					"@executable_path/Frameworks",
				);
				MARKETING_VERSION = 1.0;
				PRODUCT_BUNDLE_IDENTIFIER = "com.tonytsao.HW-OrderCoffeeApp";
				PRODUCT_NAME = "$(TARGET_NAME)";
				SWIFT_EMIT_LOC_STRINGS = YES;
				SWIFT_VERSION = 5.0;
				TARGETED_DEVICE_FAMILY = "1,2";
			};
			name = Debug;
		};
		939BD9E22B2A1B1900616D1C /* Release */ = {
			isa = XCBuildConfiguration;
			buildSettings = {
				ASSETCATALOG_COMPILER_APPICON_NAME = AppIcon;
				ASSETCATALOG_COMPILER_GLOBAL_ACCENT_COLOR_NAME = AccentColor;
				CODE_SIGN_STYLE = Automatic;
				CURRENT_PROJECT_VERSION = 1;
				DEVELOPMENT_TEAM = P8FCS2FB8Z;
				GENERATE_INFOPLIST_FILE = YES;
				INFOPLIST_FILE = HW_OrderCoffeeApp/Info.plist;
				INFOPLIST_KEY_UIApplicationSupportsIndirectInputEvents = YES;
				INFOPLIST_KEY_UILaunchStoryboardName = LaunchScreen;
				INFOPLIST_KEY_UIMainStoryboardFile = Main;
				INFOPLIST_KEY_UISupportedInterfaceOrientations_iPad = "UIInterfaceOrientationPortrait UIInterfaceOrientationPortraitUpsideDown UIInterfaceOrientationLandscapeLeft UIInterfaceOrientationLandscapeRight";
				INFOPLIST_KEY_UISupportedInterfaceOrientations_iPhone = "UIInterfaceOrientationPortrait UIInterfaceOrientationLandscapeLeft UIInterfaceOrientationLandscapeRight";
				INFOPLIST_KEY_UIUserInterfaceStyle = Light;
				LD_RUNPATH_SEARCH_PATHS = (
					"$(inherited)",
					"@executable_path/Frameworks",
				);
				MARKETING_VERSION = 1.0;
				PRODUCT_BUNDLE_IDENTIFIER = "com.tonytsao.HW-OrderCoffeeApp";
				PRODUCT_NAME = "$(TARGET_NAME)";
				SWIFT_EMIT_LOC_STRINGS = YES;
				SWIFT_VERSION = 5.0;
				TARGETED_DEVICE_FAMILY = "1,2";
			};
			name = Release;
		};
/* End XCBuildConfiguration section */

/* Begin XCConfigurationList section */
		939BD9C72B2A1B1700616D1C /* Build configuration list for PBXProject "HW_OrderCoffeeApp" */ = {
			isa = XCConfigurationList;
			buildConfigurations = (
				939BD9DE2B2A1B1900616D1C /* Debug */,
				939BD9DF2B2A1B1900616D1C /* Release */,
			);
			defaultConfigurationIsVisible = 0;
			defaultConfigurationName = Release;
		};
		939BD9E02B2A1B1900616D1C /* Build configuration list for PBXNativeTarget "HW_OrderCoffeeApp" */ = {
			isa = XCConfigurationList;
			buildConfigurations = (
				939BD9E12B2A1B1900616D1C /* Debug */,
				939BD9E22B2A1B1900616D1C /* Release */,
			);
			defaultConfigurationIsVisible = 0;
			defaultConfigurationName = Release;
		};
/* End XCConfigurationList section */

/* Begin XCRemoteSwiftPackageReference section */
		9376059E2C4BB6BC00B1316C /* XCRemoteSwiftPackageReference "GoogleSignIn-iOS" */ = {
			isa = XCRemoteSwiftPackageReference;
			repositoryURL = "https://github.com/google/GoogleSignIn-iOS";
			requirement = {
				kind = upToNextMajorVersion;
				minimumVersion = 7.1.0;
			};
		};
		939BDA2D2B2ACB8300616D1C /* XCRemoteSwiftPackageReference "firebase-ios-sdk" */ = {
			isa = XCRemoteSwiftPackageReference;
			repositoryURL = "https://github.com/firebase/firebase-ios-sdk";
			requirement = {
				kind = upToNextMajorVersion;
				minimumVersion = 10.19.1;
			};
		};
		939BDA772B2FC90300616D1C /* XCRemoteSwiftPackageReference "Kingfisher" */ = {
			isa = XCRemoteSwiftPackageReference;
			repositoryURL = "https://github.com/onevcat/Kingfisher";
			requirement = {
				kind = upToNextMajorVersion;
				minimumVersion = 7.10.1;
			};
		};
/* End XCRemoteSwiftPackageReference section */

/* Begin XCSwiftPackageProductDependency section */
		9376059F2C4BB6BD00B1316C /* GoogleSignIn */ = {
			isa = XCSwiftPackageProductDependency;
			package = 9376059E2C4BB6BC00B1316C /* XCRemoteSwiftPackageReference "GoogleSignIn-iOS" */;
			productName = GoogleSignIn;
		};
		937605A12C4BB6BD00B1316C /* GoogleSignInSwift */ = {
			isa = XCSwiftPackageProductDependency;
			package = 9376059E2C4BB6BC00B1316C /* XCRemoteSwiftPackageReference "GoogleSignIn-iOS" */;
			productName = GoogleSignInSwift;
		};
		939BDA2E2B2ACB8300616D1C /* FirebaseAnalytics */ = {
			isa = XCSwiftPackageProductDependency;
			package = 939BDA2D2B2ACB8300616D1C /* XCRemoteSwiftPackageReference "firebase-ios-sdk" */;
			productName = FirebaseAnalytics;
		};
		939BDA302B2ACB8300616D1C /* FirebaseAnalyticsOnDeviceConversion */ = {
			isa = XCSwiftPackageProductDependency;
			package = 939BDA2D2B2ACB8300616D1C /* XCRemoteSwiftPackageReference "firebase-ios-sdk" */;
			productName = FirebaseAnalyticsOnDeviceConversion;
		};
		939BDA322B2ACB8300616D1C /* FirebaseAnalyticsSwift */ = {
			isa = XCSwiftPackageProductDependency;
			package = 939BDA2D2B2ACB8300616D1C /* XCRemoteSwiftPackageReference "firebase-ios-sdk" */;
			productName = FirebaseAnalyticsSwift;
		};
		939BDA342B2ACB8300616D1C /* FirebaseAnalyticsWithoutAdIdSupport */ = {
			isa = XCSwiftPackageProductDependency;
			package = 939BDA2D2B2ACB8300616D1C /* XCRemoteSwiftPackageReference "firebase-ios-sdk" */;
			productName = FirebaseAnalyticsWithoutAdIdSupport;
		};
		939BDA362B2ACB8300616D1C /* FirebaseAppCheck */ = {
			isa = XCSwiftPackageProductDependency;
			package = 939BDA2D2B2ACB8300616D1C /* XCRemoteSwiftPackageReference "firebase-ios-sdk" */;
			productName = FirebaseAppCheck;
		};
		939BDA382B2ACB8300616D1C /* FirebaseAppDistribution-Beta */ = {
			isa = XCSwiftPackageProductDependency;
			package = 939BDA2D2B2ACB8300616D1C /* XCRemoteSwiftPackageReference "firebase-ios-sdk" */;
			productName = "FirebaseAppDistribution-Beta";
		};
		939BDA3A2B2ACB8300616D1C /* FirebaseAuth */ = {
			isa = XCSwiftPackageProductDependency;
			package = 939BDA2D2B2ACB8300616D1C /* XCRemoteSwiftPackageReference "firebase-ios-sdk" */;
			productName = FirebaseAuth;
		};
		939BDA3C2B2ACB8300616D1C /* FirebaseAuthCombine-Community */ = {
			isa = XCSwiftPackageProductDependency;
			package = 939BDA2D2B2ACB8300616D1C /* XCRemoteSwiftPackageReference "firebase-ios-sdk" */;
			productName = "FirebaseAuthCombine-Community";
		};
		939BDA3E2B2ACB8300616D1C /* FirebaseCrashlytics */ = {
			isa = XCSwiftPackageProductDependency;
			package = 939BDA2D2B2ACB8300616D1C /* XCRemoteSwiftPackageReference "firebase-ios-sdk" */;
			productName = FirebaseCrashlytics;
		};
		939BDA402B2ACB8300616D1C /* FirebaseDatabase */ = {
			isa = XCSwiftPackageProductDependency;
			package = 939BDA2D2B2ACB8300616D1C /* XCRemoteSwiftPackageReference "firebase-ios-sdk" */;
			productName = FirebaseDatabase;
		};
		939BDA422B2ACB8300616D1C /* FirebaseDatabaseSwift */ = {
			isa = XCSwiftPackageProductDependency;
			package = 939BDA2D2B2ACB8300616D1C /* XCRemoteSwiftPackageReference "firebase-ios-sdk" */;
			productName = FirebaseDatabaseSwift;
		};
		939BDA442B2ACB8300616D1C /* FirebaseDynamicLinks */ = {
			isa = XCSwiftPackageProductDependency;
			package = 939BDA2D2B2ACB8300616D1C /* XCRemoteSwiftPackageReference "firebase-ios-sdk" */;
			productName = FirebaseDynamicLinks;
		};
		939BDA462B2ACB8300616D1C /* FirebaseFirestore */ = {
			isa = XCSwiftPackageProductDependency;
			package = 939BDA2D2B2ACB8300616D1C /* XCRemoteSwiftPackageReference "firebase-ios-sdk" */;
			productName = FirebaseFirestore;
		};
		939BDA482B2ACB8300616D1C /* FirebaseFirestoreCombine-Community */ = {
			isa = XCSwiftPackageProductDependency;
			package = 939BDA2D2B2ACB8300616D1C /* XCRemoteSwiftPackageReference "firebase-ios-sdk" */;
			productName = "FirebaseFirestoreCombine-Community";
		};
		939BDA4A2B2ACB8300616D1C /* FirebaseFirestoreSwift */ = {
			isa = XCSwiftPackageProductDependency;
			package = 939BDA2D2B2ACB8300616D1C /* XCRemoteSwiftPackageReference "firebase-ios-sdk" */;
			productName = FirebaseFirestoreSwift;
		};
		939BDA4C2B2ACB8300616D1C /* FirebaseFunctions */ = {
			isa = XCSwiftPackageProductDependency;
			package = 939BDA2D2B2ACB8300616D1C /* XCRemoteSwiftPackageReference "firebase-ios-sdk" */;
			productName = FirebaseFunctions;
		};
		939BDA4E2B2ACB8300616D1C /* FirebaseFunctionsCombine-Community */ = {
			isa = XCSwiftPackageProductDependency;
			package = 939BDA2D2B2ACB8300616D1C /* XCRemoteSwiftPackageReference "firebase-ios-sdk" */;
			productName = "FirebaseFunctionsCombine-Community";
		};
		939BDA502B2ACB8300616D1C /* FirebaseInAppMessaging-Beta */ = {
			isa = XCSwiftPackageProductDependency;
			package = 939BDA2D2B2ACB8300616D1C /* XCRemoteSwiftPackageReference "firebase-ios-sdk" */;
			productName = "FirebaseInAppMessaging-Beta";
		};
		939BDA522B2ACB8300616D1C /* FirebaseInAppMessagingSwift-Beta */ = {
			isa = XCSwiftPackageProductDependency;
			package = 939BDA2D2B2ACB8300616D1C /* XCRemoteSwiftPackageReference "firebase-ios-sdk" */;
			productName = "FirebaseInAppMessagingSwift-Beta";
		};
		939BDA542B2ACB8300616D1C /* FirebaseInstallations */ = {
			isa = XCSwiftPackageProductDependency;
			package = 939BDA2D2B2ACB8300616D1C /* XCRemoteSwiftPackageReference "firebase-ios-sdk" */;
			productName = FirebaseInstallations;
		};
		939BDA562B2ACB8300616D1C /* FirebaseMLModelDownloader */ = {
			isa = XCSwiftPackageProductDependency;
			package = 939BDA2D2B2ACB8300616D1C /* XCRemoteSwiftPackageReference "firebase-ios-sdk" */;
			productName = FirebaseMLModelDownloader;
		};
		939BDA582B2ACB8300616D1C /* FirebaseMessaging */ = {
			isa = XCSwiftPackageProductDependency;
			package = 939BDA2D2B2ACB8300616D1C /* XCRemoteSwiftPackageReference "firebase-ios-sdk" */;
			productName = FirebaseMessaging;
		};
		939BDA5A2B2ACB8300616D1C /* FirebasePerformance */ = {
			isa = XCSwiftPackageProductDependency;
			package = 939BDA2D2B2ACB8300616D1C /* XCRemoteSwiftPackageReference "firebase-ios-sdk" */;
			productName = FirebasePerformance;
		};
		939BDA5C2B2ACB8300616D1C /* FirebaseRemoteConfig */ = {
			isa = XCSwiftPackageProductDependency;
			package = 939BDA2D2B2ACB8300616D1C /* XCRemoteSwiftPackageReference "firebase-ios-sdk" */;
			productName = FirebaseRemoteConfig;
		};
		939BDA5E2B2ACB8300616D1C /* FirebaseRemoteConfigSwift */ = {
			isa = XCSwiftPackageProductDependency;
			package = 939BDA2D2B2ACB8300616D1C /* XCRemoteSwiftPackageReference "firebase-ios-sdk" */;
			productName = FirebaseRemoteConfigSwift;
		};
		939BDA602B2ACB8300616D1C /* FirebaseStorage */ = {
			isa = XCSwiftPackageProductDependency;
			package = 939BDA2D2B2ACB8300616D1C /* XCRemoteSwiftPackageReference "firebase-ios-sdk" */;
			productName = FirebaseStorage;
		};
		939BDA622B2ACB8300616D1C /* FirebaseStorageCombine-Community */ = {
			isa = XCSwiftPackageProductDependency;
			package = 939BDA2D2B2ACB8300616D1C /* XCRemoteSwiftPackageReference "firebase-ios-sdk" */;
			productName = "FirebaseStorageCombine-Community";
		};
		939BDA782B2FC90300616D1C /* Kingfisher */ = {
			isa = XCSwiftPackageProductDependency;
			package = 939BDA772B2FC90300616D1C /* XCRemoteSwiftPackageReference "Kingfisher" */;
			productName = Kingfisher;
		};
/* End XCSwiftPackageProductDependency section */
	};
	rootObject = 939BD9C42B2A1B1700616D1C /* Project object */;
}
